<?xml version="1.0" encoding="utf-8"?>
<Project ToolsVersion="4.0" xmlns="http://schemas.microsoft.com/developer/msbuild/2003">
  <ItemGroup>
    <Filter Include="Source Files">
      <UniqueIdentifier>{7cb3589c-b313-471e-947f-c6aed8c10139}</UniqueIdentifier>
      <Extensions>cpp;c;cxx;rc;def;r;odl;idl;hpj;bat</Extensions>
    </Filter>
    <Filter Include="Header Files">
      <UniqueIdentifier>{8da040fc-7b97-4bed-b127-f5671cba91e2}</UniqueIdentifier>
      <Extensions>h;hpp;hxx;hm;inl</Extensions>
    </Filter>
    <Filter Include="Resource Files">
      <UniqueIdentifier>{ba1f5387-ad32-4f74-8c47-71e7d18575cf}</UniqueIdentifier>
      <Extensions>ico;cur;bmp;dlg;rc2;rct;bin;rgs;gif;jpg;jpeg;jpe</Extensions>
    </Filter>
  </ItemGroup>
  <ItemGroup>
    <ClCompile Include="AnalyzeDataDlg.cpp">
      <Filter>Source Files</Filter>
    </ClCompile>
    <ClCompile Include="Analyzer.cpp">
      <Filter>Source Files</Filter>
    </ClCompile>
    <ClCompile Include="BspManager.cpp">
      <Filter>Source Files</Filter>
    </ClCompile>
    <ClCompile Include="Camera.cpp">
      <Filter>Source Files</Filter>
    </ClCompile>
    <ClCompile Include="CollBsp.cpp">
      <Filter>Source Files</Filter>
    </ClCompile>
    <ClCompile Include="Encounters.cpp">
      <Filter>Source Files</Filter>
    </ClCompile>
    <ClCompile Include="Frustum1.cpp">
      <Filter>Source Files</Filter>
    </ClCompile>
    <ClCompile Include="HaloBmp2.cpp">
      <Filter>Source Files</Filter>
    </ClCompile>
    <ClCompile Include="HaloMapFile.cpp">
      <Filter>Source Files</Filter>
    </ClCompile>
    <ClCompile Include="HelpControlsDlg.cpp">
      <Filter>Source Files</Filter>
    </ClCompile>
    <ClCompile Include="HtmlReport.cpp">
      <Filter>Source Files</Filter>
    </ClCompile>
    <ClCompile Include="ImportScenarioTagDlg.cpp">
      <Filter>Source Files</Filter>
    </ClCompile>
    <ClCompile Include="ItemColl.cpp">
      <Filter>Source Files</Filter>
    </ClCompile>
    <ClCompile Include="MainFrm.cpp">
      <Filter>Source Files</Filter>
    </ClCompile>
    <ClCompile Include="Model.cpp">
      <Filter>Source Files</Filter>
    </ClCompile>
    <ClCompile Include="ModelManager.cpp">
      <Filter>Source Files</Filter>
    </ClCompile>
    <ClCompile Include="ObjectInfoDlg.cpp">
      <Filter>Source Files</Filter>
    </ClCompile>
    <ClCompile Include="OpenGLWnd.cpp">
      <Filter>Source Files</Filter>
    </ClCompile>
    <ClCompile Include="OptionsDlg.cpp">
      <Filter>Source Files</Filter>
    </ClCompile>
    <ClCompile Include="OutputPane.cpp">
      <Filter>Source Files</Filter>
    </ClCompile>
    <ClCompile Include="PcModel.cpp">
      <Filter>Source Files</Filter>
    </ClCompile>
    <ClCompile Include="Perspective.cpp">
      <Filter>Source Files</Filter>
    </ClCompile>
    <ClCompile Include="ProfileSettings.cpp">
      <Filter>Source Files</Filter>
    </ClCompile>
    <ClCompile Include="Registry.cpp">
      <Filter>Source Files</Filter>
    </ClCompile>
    <ClCompile Include="Render.cpp">
      <Filter>Source Files</Filter>
    </ClCompile>
    <ClCompile Include="Scenario.cpp">
      <Filter>Source Files</Filter>
    </ClCompile>
    <ClCompile Include="SelectionManager.cpp">
      <Filter>Source Files</Filter>
    </ClCompile>
    <ClCompile Include="ShaderManager.cpp">
      <Filter>Source Files</Filter>
    </ClCompile>
    <ClCompile Include="SparkEdit.cpp">
      <Filter>Source Files</Filter>
    </ClCompile>
    <ClCompile Include="SparkEditDoc.cpp">
      <Filter>Source Files</Filter>
    </ClCompile>
    <ClCompile Include="SparkEditView.cpp">
      <Filter>Source Files</Filter>
    </ClCompile>
    <ClCompile Include="StdAfx.cpp">
      <Filter>Source Files</Filter>
    </ClCompile>
    <ClCompile Include="timer.cpp">
      <Filter>Source Files</Filter>
    </ClCompile>
    <ClCompile Include="ToolMultiplayer.cpp">
      <Filter>Source Files</Filter>
    </ClCompile>
    <ClCompile Include="ToolSheet.cpp">
      <Filter>Source Files</Filter>
    </ClCompile>
    <ClCompile Include="ToolTabEdit.cpp">
      <Filter>Source Files</Filter>
    </ClCompile>
    <ClCompile Include="ToolTabModels.cpp">
      <Filter>Source Files</Filter>
    </ClCompile>
    <ClCompile Include="ToolTabNavigate.cpp">
      <Filter>Source Files</Filter>
    </ClCompile>
    <ClCompile Include="ToolView.cpp">
      <Filter>Source Files</Filter>
    </ClCompile>
    <ClCompile Include="Util.cpp">
      <Filter>Source Files</Filter>
    </ClCompile>
    <ClCompile Include="VisibleBsp.cpp">
      <Filter>Source Files</Filter>
    </ClCompile>
    <ClCompile Include="VisibleBspEx.cpp">
      <Filter>Source Files</Filter>
    </ClCompile>
    <ClCompile Include="WeaponHud.cpp">
      <Filter>Source Files</Filter>
    </ClCompile>
    <ClCompile Include="XboxModel.cpp">
      <Filter>Source Files</Filter>
    </ClCompile>
    <ClCompile Include="HaloTagManager.cpp">
      <Filter>Source Files</Filter>
    </ClCompile>
  </ItemGroup>
  <ItemGroup>
    <ResourceCompile Include="SparkEdit.rc">
      <Filter>Source Files</Filter>
    </ResourceCompile>
  </ItemGroup>
  <ItemGroup>
    <ClInclude Include="AnalyzeDataDlg.h">
      <Filter>Header Files</Filter>
    </ClInclude>
    <ClInclude Include="Analyzer.h">
      <Filter>Header Files</Filter>
    </ClInclude>
    <ClInclude Include="basic_types.h">
      <Filter>Header Files</Filter>
    </ClInclude>
    <ClInclude Include="bsp_defs.h">
      <Filter>Header Files</Filter>
    </ClInclude>
    <ClInclude Include="BspManager.h">
      <Filter>Header Files</Filter>
    </ClInclude>
    <ClInclude Include="Camera.h">
      <Filter>Header Files</Filter>
    </ClInclude>
    <ClInclude Include="collbsp.h">
      <Filter>Header Files</Filter>
    </ClInclude>
    <ClInclude Include="Encounters.h">
      <Filter>Header Files</Filter>
    </ClInclude>
    <ClInclude Include="Frustum1.h">
      <Filter>Header Files</Filter>
    </ClInclude>
    <ClInclude Include="HaloBmp2.h">
      <Filter>Header Files</Filter>
    </ClInclude>
    <ClInclude Include="HaloMapFile.h">
      <Filter>Header Files</Filter>
    </ClInclude>
    <ClInclude Include="HaloStructDefs.h">
      <Filter>Header Files</Filter>
    </ClInclude>
    <ClInclude Include="HelpControlsDlg.h">
      <Filter>Header Files</Filter>
    </ClInclude>
    <ClInclude Include="HtmlReport.h">
      <Filter>Header Files</Filter>
    </ClInclude>
    <ClInclude Include="ImportScenarioTagDlg.h">
      <Filter>Header Files</Filter>
    </ClInclude>
    <ClInclude Include="ItemColl.h">
      <Filter>Header Files</Filter>
    </ClInclude>
    <ClInclude Include="MainFrm.h">
      <Filter>Header Files</Filter>
    </ClInclude>
    <ClInclude Include="Model.h">
      <Filter>Header Files</Filter>
    </ClInclude>
    <ClInclude Include="ModelManager.h">
      <Filter>Header Files</Filter>
    </ClInclude>
    <ClInclude Include="ObjectInfoDlg.h">
      <Filter>Header Files</Filter>
    </ClInclude>
    <ClInclude Include="OpenGLWnd.h">
      <Filter>Header Files</Filter>
    </ClInclude>
    <ClInclude Include="OptionsDlg.h">
      <Filter>Header Files</Filter>
    </ClInclude>
    <ClInclude Include="OutputPane.h">
      <Filter>Header Files</Filter>
    </ClInclude>
    <ClInclude Include="PcModel.h">
      <Filter>Header Files</Filter>
    </ClInclude>
    <ClInclude Include="Perspective.h">
      <Filter>Header Files</Filter>
    </ClInclude>
    <ClInclude Include="ProfileSettings.h">
      <Filter>Header Files</Filter>
    </ClInclude>
    <ClInclude Include="Render.h">
      <Filter>Header Files</Filter>
    </ClInclude>
    <ClInclude Include="Resource.h">
      <Filter>Header Files</Filter>
    </ClInclude>
    <ClInclude Include="Scenario.h">
      <Filter>Header Files</Filter>
    </ClInclude>
    <ClInclude Include="SelectionManager.h">
      <Filter>Header Files</Filter>
    </ClInclude>
    <ClInclude Include="ShaderManager.h">
      <Filter>Header Files</Filter>
    </ClInclude>
    <ClInclude Include="SparkEdit.h">
      <Filter>Header Files</Filter>
    </ClInclude>
    <ClInclude Include="SparkEditDoc.h">
      <Filter>Header Files</Filter>
    </ClInclude>
    <ClInclude Include="SparkEditView.h">
      <Filter>Header Files</Filter>
    </ClInclude>
    <ClInclude Include="StdAfx.h">
      <Filter>Header Files</Filter>
    </ClInclude>
    <ClInclude Include="timer.h">
      <Filter>Header Files</Filter>
    </ClInclude>
    <ClInclude Include="ToolMultiplayer.h">
      <Filter>Header Files</Filter>
    </ClInclude>
    <ClInclude Include="ToolSheet.h">
      <Filter>Header Files</Filter>
    </ClInclude>
    <ClInclude Include="ToolTabEdit.h">
      <Filter>Header Files</Filter>
    </ClInclude>
    <ClInclude Include="ToolTabModels.h">
      <Filter>Header Files</Filter>
    </ClInclude>
    <ClInclude Include="ToolTabNavigate.h">
      <Filter>Header Files</Filter>
    </ClInclude>
    <ClInclude Include="ToolView.h">
      <Filter>Header Files</Filter>
    </ClInclude>
    <ClInclude Include="Util.h">
      <Filter>Header Files</Filter>
    </ClInclude>
    <ClInclude Include="VisibleBsp.h">
      <Filter>Header Files</Filter>
    </ClInclude>
    <ClInclude Include="VisibleBspEx.h">
      <Filter>Header Files</Filter>
    </ClInclude>
    <ClInclude Include="WeaponHud.h">
      <Filter>Header Files</Filter>
    </ClInclude>
    <ClInclude Include="XboxModel.h">
      <Filter>Header Files</Filter>
    </ClInclude>
    <ClInclude Include="zlib\zlib.h">
      <Filter>Header Files</Filter>
    </ClInclude>
    <ClInclude Include="HaloTagManager.h">
      <Filter>Header Files</Filter>
    </ClInclude>
  </ItemGroup>
  <ItemGroup>
    <Image Include="res\bitmap1.bmp">
      <Filter>Resource Files</Filter>
    </Image>
    <Image Include="res\SparkEdit.ico">
      <Filter>Resource Files</Filter>
    </Image>
    <Image Include="res\SparkEditDoc.ico">
      <Filter>Resource Files</Filter>
    </Image>
    <Image Include="res\Toolbar.bmp">
      <Filter>Resource Files</Filter>
    </Image>
  </ItemGroup>
  <ItemGroup>
    <None Include="res\cursor1.cur">
      <Filter>Resource Files</Filter>
    </None>
    <None Include="res\cursor2.cur">
      <Filter>Resource Files</Filter>
    </None>
    <None Include="res\SparkEdit.rc2">
      <Filter>Resource Files</Filter>
    </None>
  </ItemGroup>
  <ItemGroup>
    <Library Include="zlib\libz.lib" />
  </ItemGroup>
</Project>